// !$*UTF8*$!
{
	archiveVersion = 1;
	classes = {
	};
	objectVersion = 56;
	objects = {

/* Begin PBXBuildFile section */
		191B4FBE2D2D9A9D007A772C /* SnapKit in Frameworks */ = {isa = PBXBuildFile; productRef = 191B4FBD2D2D9A9D007A772C /* SnapKit */; };
		1938E5A42C7E48C000677A0E /* AppDelegate.swift in Sources */ = {isa = PBXBuildFile; fileRef = 1938E5A32C7E48C000677A0E /* AppDelegate.swift */; };
		1938E5A62C7E48C000677A0E /* SceneDelegate.swift in Sources */ = {isa = PBXBuildFile; fileRef = 1938E5A52C7E48C000677A0E /* SceneDelegate.swift */; };
		1938E5A82C7E48C000677A0E /* RPSDuelViewController.swift in Sources */ = {isa = PBXBuildFile; fileRef = 1938E5A72C7E48C000677A0E /* RPSDuelViewController.swift */; };
		1938E5AD2C7E48C100677A0E /* Assets.xcassets in Resources */ = {isa = PBXBuildFile; fileRef = 1938E5AC2C7E48C100677A0E /* Assets.xcassets */; };
		1938E5B02C7E48C100677A0E /* LaunchScreen.storyboard in Resources */ = {isa = PBXBuildFile; fileRef = 1938E5AE2C7E48C100677A0E /* LaunchScreen.storyboard */; };
		1938E5BF2C7ED9A200677A0E /* OpponentView.swift in Sources */ = {isa = PBXBuildFile; fileRef = 1938E5BE2C7ED9A200677A0E /* OpponentView.swift */; };
		1938E5C12C80E38700677A0E /* BaseButton.swift in Sources */ = {isa = PBXBuildFile; fileRef = 1938E5C02C80E38600677A0E /* BaseButton.swift */; };
		19651AEE2CADB3C20035E483 /* OpponentViewModel.swift in Sources */ = {isa = PBXBuildFile; fileRef = 19651AED2CADB3C20035E483 /* OpponentViewModel.swift */; };
		197468E52CB0664F004B9384 /* AlertPresent.swift in Sources */ = {isa = PBXBuildFile; fileRef = 197468E42CB06644004B9384 /* AlertPresent.swift */; };
		197468E72CB066B2004B9384 /* AlertModel.swift in Sources */ = {isa = PBXBuildFile; fileRef = 197468E62CB066A2004B9384 /* AlertModel.swift */; };
		197468EA2CB06CFB004B9384 /* AlertPresentProtocol.swift in Sources */ = {isa = PBXBuildFile; fileRef = 197468E92CB06CED004B9384 /* AlertPresentProtocol.swift */; };
		197468EC2CB06D51004B9384 /* AlertPresentDelegate.swift in Sources */ = {isa = PBXBuildFile; fileRef = 197468EB2CB06D45004B9384 /* AlertPresentDelegate.swift */; };
		197468FE2CBAD475004B9384 /* OpponentFactory.swift in Sources */ = {isa = PBXBuildFile; fileRef = 197468FD2CBAD46B004B9384 /* OpponentFactory.swift */; };
		197469002CBBBEA4004B9384 /* OpponentFactoryProtocol.swift in Sources */ = {isa = PBXBuildFile; fileRef = 197468FF2CBBBE95004B9384 /* OpponentFactoryProtocol.swift */; };
		197469882CCA7E97004B9384 /* CircleLayer.swift in Sources */ = {isa = PBXBuildFile; fileRef = 197469802CCA7E97004B9384 /* CircleLayer.swift */; };
		197469892CCA7E97004B9384 /* CGFloat + ext.swift in Sources */ = {isa = PBXBuildFile; fileRef = 197469822CCA7E97004B9384 /* CGFloat + ext.swift */; };
		1974698A2CCA7E97004B9384 /* ArcsLayer.swift in Sources */ = {isa = PBXBuildFile; fileRef = 1974697E2CCA7E97004B9384 /* ArcsLayer.swift */; };
		1974698B2CCA7E97004B9384 /* IndicatorView.swift in Sources */ = {isa = PBXBuildFile; fileRef = 197469862CCA7E97004B9384 /* IndicatorView.swift */; };
		1974698C2CCA7E97004B9384 /* EmojiView.swift in Sources */ = {isa = PBXBuildFile; fileRef = 197469842CCA7E97004B9384 /* EmojiView.swift */; };
		1983D5DA2CD275CC004BA7C1 /* Game Repositroy.swift in Sources */ = {isa = PBXBuildFile; fileRef = 1983D5D92CD275C1004BA7C1 /* Game Repositroy.swift */; };
		1983D5DC2CD28911004BA7C1 /* ImageView + ext.swift in Sources */ = {isa = PBXBuildFile; fileRef = 1983D5DB2CD28907004BA7C1 /* ImageView + ext.swift */; };
		1983D5E12CD34663004BA7C1 /* Resources.swift in Sources */ = {isa = PBXBuildFile; fileRef = 1983D5E02CD34660004BA7C1 /* Resources.swift */; };
		19B366692CE52328002FBD03 /* R + Fond .swift in Sources */ = {isa = PBXBuildFile; fileRef = 19B366682CE52315002FBD03 /* R + Fond .swift */; };
		19B3666B2CE5238A002FBD03 /* R + String.swift in Sources */ = {isa = PBXBuildFile; fileRef = 19B3666A2CE52381002FBD03 /* R + String.swift */; };
		19B3666E2CE52423002FBD03 /* Localizable.strings in Resources */ = {isa = PBXBuildFile; fileRef = 19B3666C2CE52423002FBD03 /* Localizable.strings */; };
		19B366722CE67048002FBD03 /* GameOption.swift in Sources */ = {isa = PBXBuildFile; fileRef = 19B366712CE67047002FBD03 /* GameOption.swift */; };
/* End PBXBuildFile section */

/* Begin PBXFileReference section */
		1938E5A02C7E48C000677A0E /* RPSDuelApp.app */ = {isa = PBXFileReference; explicitFileType = wrapper.application; includeInIndex = 0; path = RPSDuelApp.app; sourceTree = BUILT_PRODUCTS_DIR; };
		1938E5A32C7E48C000677A0E /* AppDelegate.swift */ = {isa = PBXFileReference; lastKnownFileType = sourcecode.swift; path = AppDelegate.swift; sourceTree = "<group>"; };
		1938E5A52C7E48C000677A0E /* SceneDelegate.swift */ = {isa = PBXFileReference; lastKnownFileType = sourcecode.swift; path = SceneDelegate.swift; sourceTree = "<group>"; };
		1938E5A72C7E48C000677A0E /* RPSDuelViewController.swift */ = {isa = PBXFileReference; lastKnownFileType = sourcecode.swift; path = RPSDuelViewController.swift; sourceTree = "<group>"; };
		1938E5AC2C7E48C100677A0E /* Assets.xcassets */ = {isa = PBXFileReference; lastKnownFileType = folder.assetcatalog; path = Assets.xcassets; sourceTree = "<group>"; };
		1938E5AF2C7E48C100677A0E /* Base */ = {isa = PBXFileReference; lastKnownFileType = file.storyboard; name = Base; path = Base.lproj/LaunchScreen.storyboard; sourceTree = "<group>"; };
		1938E5B12C7E48C100677A0E /* Info.plist */ = {isa = PBXFileReference; lastKnownFileType = text.plist.xml; path = Info.plist; sourceTree = "<group>"; };
		1938E5BE2C7ED9A200677A0E /* OpponentView.swift */ = {isa = PBXFileReference; lastKnownFileType = sourcecode.swift; path = OpponentView.swift; sourceTree = "<group>"; };
		1938E5C02C80E38600677A0E /* BaseButton.swift */ = {isa = PBXFileReference; lastKnownFileType = sourcecode.swift; path = BaseButton.swift; sourceTree = "<group>"; };
		19651AED2CADB3C20035E483 /* OpponentViewModel.swift */ = {isa = PBXFileReference; lastKnownFileType = sourcecode.swift; path = OpponentViewModel.swift; sourceTree = "<group>"; };
		197468E42CB06644004B9384 /* AlertPresent.swift */ = {isa = PBXFileReference; lastKnownFileType = sourcecode.swift; path = AlertPresent.swift; sourceTree = "<group>"; };
		197468E62CB066A2004B9384 /* AlertModel.swift */ = {isa = PBXFileReference; lastKnownFileType = sourcecode.swift; path = AlertModel.swift; sourceTree = "<group>"; };
		197468E92CB06CED004B9384 /* AlertPresentProtocol.swift */ = {isa = PBXFileReference; lastKnownFileType = sourcecode.swift; path = AlertPresentProtocol.swift; sourceTree = "<group>"; };
		197468EB2CB06D45004B9384 /* AlertPresentDelegate.swift */ = {isa = PBXFileReference; lastKnownFileType = sourcecode.swift; path = AlertPresentDelegate.swift; sourceTree = "<group>"; };
		197468FD2CBAD46B004B9384 /* OpponentFactory.swift */ = {isa = PBXFileReference; lastKnownFileType = sourcecode.swift; path = OpponentFactory.swift; sourceTree = "<group>"; };
		197468FF2CBBBE95004B9384 /* OpponentFactoryProtocol.swift */ = {isa = PBXFileReference; lastKnownFileType = sourcecode.swift; path = OpponentFactoryProtocol.swift; sourceTree = "<group>"; };
		1974697E2CCA7E97004B9384 /* ArcsLayer.swift */ = {isa = PBXFileReference; lastKnownFileType = sourcecode.swift; path = ArcsLayer.swift; sourceTree = "<group>"; };
		197469802CCA7E97004B9384 /* CircleLayer.swift */ = {isa = PBXFileReference; lastKnownFileType = sourcecode.swift; path = CircleLayer.swift; sourceTree = "<group>"; };
		197469822CCA7E97004B9384 /* CGFloat + ext.swift */ = {isa = PBXFileReference; lastKnownFileType = sourcecode.swift; path = "CGFloat + ext.swift"; sourceTree = "<group>"; };
		197469842CCA7E97004B9384 /* EmojiView.swift */ = {isa = PBXFileReference; lastKnownFileType = sourcecode.swift; path = EmojiView.swift; sourceTree = "<group>"; };
		197469862CCA7E97004B9384 /* IndicatorView.swift */ = {isa = PBXFileReference; lastKnownFileType = sourcecode.swift; path = IndicatorView.swift; sourceTree = "<group>"; };
		1983D5D92CD275C1004BA7C1 /* Game Repositroy.swift */ = {isa = PBXFileReference; lastKnownFileType = sourcecode.swift; path = "Game Repositroy.swift"; sourceTree = "<group>"; };
		1983D5DB2CD28907004BA7C1 /* ImageView + ext.swift */ = {isa = PBXFileReference; lastKnownFileType = sourcecode.swift; path = "ImageView + ext.swift"; sourceTree = "<group>"; };
		1983D5E02CD34660004BA7C1 /* Resources.swift */ = {isa = PBXFileReference; lastKnownFileType = sourcecode.swift; path = Resources.swift; sourceTree = "<group>"; };
		19B366682CE52315002FBD03 /* R + Fond .swift */ = {isa = PBXFileReference; lastKnownFileType = sourcecode.swift; path = "R + Fond .swift"; sourceTree = "<group>"; };
		19B3666A2CE52381002FBD03 /* R + String.swift */ = {isa = PBXFileReference; lastKnownFileType = sourcecode.swift; path = "R + String.swift"; sourceTree = "<group>"; };
		19B3666D2CE52423002FBD03 /* en */ = {isa = PBXFileReference; lastKnownFileType = text.plist.strings; name = en; path = en.lproj/Localizable.strings; sourceTree = "<group>"; };
		19B366702CE52636002FBD03 /* ru */ = {isa = PBXFileReference; lastKnownFileType = text.plist.strings; name = ru; path = ru.lproj/Localizable.strings; sourceTree = "<group>"; };
		19B366712CE67047002FBD03 /* GameOption.swift */ = {isa = PBXFileReference; lastKnownFileType = sourcecode.swift; path = GameOption.swift; sourceTree = "<group>"; };
/* End PBXFileReference section */

/* Begin PBXFrameworksBuildPhase section */
		1938E59D2C7E48C000677A0E /* Frameworks */ = {
			isa = PBXFrameworksBuildPhase;
			buildActionMask = 2147483647;
			files = (
				191B4FBE2D2D9A9D007A772C /* SnapKit in Frameworks */,
			);
			runOnlyForDeploymentPostprocessing = 0;
		};
/* End PBXFrameworksBuildPhase section */

/* Begin PBXGroup section */
		1938E5972C7E48C000677A0E = {
			isa = PBXGroup;
			children = (
				1938E5A22C7E48C000677A0E /* RPSDuelApp */,
				1938E5A12C7E48C000677A0E /* Products */,
			);
			sourceTree = "<group>";
		};
		1938E5A12C7E48C000677A0E /* Products */ = {
			isa = PBXGroup;
			children = (
				1938E5A02C7E48C000677A0E /* RPSDuelApp.app */,
			);
			name = Products;
			sourceTree = "<group>";
		};
		1938E5A22C7E48C000677A0E /* RPSDuelApp */ = {
			isa = PBXGroup;
			children = (
				1983D5DF2CD3462C004BA7C1 /* Helpers */,
				1938E5B72C7E49FA00677A0E /* Application */,
				197468E82CB06CD9004B9384 /* AlertPresent */,
				1983D5D82CD275B1004BA7C1 /* LogicGame */,
				197468FC2CBAA960004B9384 /* OpponentFactory */,
				19651AEC2CADB3B60035E483 /* Model */,
				1938E5B82C7E4A1200677A0E /* Controllers */,
				1938E5B92C7E4A7400677A0E /* Resources */,
			);
			path = RPSDuelApp;
			sourceTree = "<group>";
		};
		1938E5B72C7E49FA00677A0E /* Application */ = {
			isa = PBXGroup;
			children = (
				1938E5A32C7E48C000677A0E /* AppDelegate.swift */,
				1938E5A52C7E48C000677A0E /* SceneDelegate.swift */,
			);
			path = Application;
			sourceTree = "<group>";
		};
		1938E5B82C7E4A1200677A0E /* Controllers */ = {
			isa = PBXGroup;
			children = (
				1938E5BD2C7ED99100677A0E /* Views */,
				1938E5A72C7E48C000677A0E /* RPSDuelViewController.swift */,
			);
			path = Controllers;
			sourceTree = "<group>";
		};
		1938E5B92C7E4A7400677A0E /* Resources */ = {
			isa = PBXGroup;
			children = (
				1938E5AC2C7E48C100677A0E /* Assets.xcassets */,
				1938E5AE2C7E48C100677A0E /* LaunchScreen.storyboard */,
				1938E5B12C7E48C100677A0E /* Info.plist */,
				19B3666C2CE52423002FBD03 /* Localizable.strings */,
			);
			path = Resources;
			sourceTree = "<group>";
		};
		1938E5BD2C7ED99100677A0E /* Views */ = {
			isa = PBXGroup;
			children = (
				197469872CCA7E97004B9384 /* Indicator */,
				1938E5BE2C7ED9A200677A0E /* OpponentView.swift */,
				1938E5C02C80E38600677A0E /* BaseButton.swift */,
			);
			path = Views;
			sourceTree = "<group>";
		};
		19651AEC2CADB3B60035E483 /* Model */ = {
			isa = PBXGroup;
			children = (
				197468E62CB066A2004B9384 /* AlertModel.swift */,
				19651AED2CADB3C20035E483 /* OpponentViewModel.swift */,
			);
			path = Model;
			sourceTree = "<group>";
		};
		197468E82CB06CD9004B9384 /* AlertPresent */ = {
			isa = PBXGroup;
			children = (
				197468EB2CB06D45004B9384 /* AlertPresentDelegate.swift */,
				197468E92CB06CED004B9384 /* AlertPresentProtocol.swift */,
				197468E42CB06644004B9384 /* AlertPresent.swift */,
			);
			path = AlertPresent;
			sourceTree = "<group>";
		};
		197468FC2CBAA960004B9384 /* OpponentFactory */ = {
			isa = PBXGroup;
			children = (
				197468FF2CBBBE95004B9384 /* OpponentFactoryProtocol.swift */,
				197468FD2CBAD46B004B9384 /* OpponentFactory.swift */,
			);
			path = OpponentFactory;
			sourceTree = "<group>";
		};
		1974697F2CCA7E97004B9384 /* Arcs */ = {
			isa = PBXGroup;
			children = (
				1974697E2CCA7E97004B9384 /* ArcsLayer.swift */,
			);
			path = Arcs;
			sourceTree = "<group>";
		};
		197469812CCA7E97004B9384 /* Circle */ = {
			isa = PBXGroup;
			children = (
				197469802CCA7E97004B9384 /* CircleLayer.swift */,
			);
			path = Circle;
			sourceTree = "<group>";
		};
		197469832CCA7E97004B9384 /* Extention */ = {
			isa = PBXGroup;
			children = (
				197469822CCA7E97004B9384 /* CGFloat + ext.swift */,
				1983D5DB2CD28907004BA7C1 /* ImageView + ext.swift */,
			);
			path = Extention;
			sourceTree = "<group>";
		};
		197469852CCA7E97004B9384 /* ImageView */ = {
			isa = PBXGroup;
			children = (
				197469842CCA7E97004B9384 /* EmojiView.swift */,
			);
			path = ImageView;
			sourceTree = "<group>";
		};
		197469872CCA7E97004B9384 /* Indicator */ = {
			isa = PBXGroup;
			children = (
				1974697F2CCA7E97004B9384 /* Arcs */,
				197469812CCA7E97004B9384 /* Circle */,
				197469852CCA7E97004B9384 /* ImageView */,
				197469862CCA7E97004B9384 /* IndicatorView.swift */,
			);
			path = Indicator;
			sourceTree = "<group>";
		};
		1983D5D82CD275B1004BA7C1 /* LogicGame */ = {
			isa = PBXGroup;
			children = (
				19B366712CE67047002FBD03 /* GameOption.swift */,
				1983D5D92CD275C1004BA7C1 /* Game Repositroy.swift */,
			);
			path = LogicGame;
			sourceTree = "<group>";
		};
		1983D5DF2CD3462C004BA7C1 /* Helpers */ = {
			isa = PBXGroup;
			children = (
				19B366672CE522FE002FBD03 /* Resources */,
				197469832CCA7E97004B9384 /* Extention */,
			);
			path = Helpers;
			sourceTree = "<group>";
		};
		19B366672CE522FE002FBD03 /* Resources */ = {
			isa = PBXGroup;
			children = (
				1983D5E02CD34660004BA7C1 /* Resources.swift */,
				19B366682CE52315002FBD03 /* R + Fond .swift */,
				19B3666A2CE52381002FBD03 /* R + String.swift */,
			);
			path = Resources;
			sourceTree = "<group>";
		};
/* End PBXGroup section */

/* Begin PBXNativeTarget section */
		1938E59F2C7E48C000677A0E /* RPSDuelApp */ = {
			isa = PBXNativeTarget;
			buildConfigurationList = 1938E5B42C7E48C100677A0E /* Build configuration list for PBXNativeTarget "RPSDuelApp" */;
			buildPhases = (
				1938E59C2C7E48C000677A0E /* Sources */,
				1938E59D2C7E48C000677A0E /* Frameworks */,
				1938E59E2C7E48C000677A0E /* Resources */,
			);
			buildRules = (
			);
			dependencies = (
			);
			name = RPSDuelApp;
			productName = RPSDuelApp;
			productReference = 1938E5A02C7E48C000677A0E /* RPSDuelApp.app */;
			productType = "com.apple.product-type.application";
		};
/* End PBXNativeTarget section */

/* Begin PBXProject section */
		1938E5982C7E48C000677A0E /* Project object */ = {
			isa = PBXProject;
			attributes = {
				BuildIndependentTargetsInParallel = 1;
				LastSwiftUpdateCheck = 1520;
				LastUpgradeCheck = 1600;
				TargetAttributes = {
					1938E59F2C7E48C000677A0E = {
						CreatedOnToolsVersion = 15.2;
					};
				};
			};
			buildConfigurationList = 1938E59B2C7E48C000677A0E /* Build configuration list for PBXProject "RPSDuelApp" */;
			compatibilityVersion = "Xcode 14.0";
			developmentRegion = en;
			hasScannedForEncodings = 0;
			knownRegions = (
				en,
				Base,
				ru,
			);
			mainGroup = 1938E5972C7E48C000677A0E;
			packageReferences = (
				191B4FBC2D2D9A9D007A772C /* XCRemoteSwiftPackageReference "SnapKit" */,
			);
			productRefGroup = 1938E5A12C7E48C000677A0E /* Products */;
			projectDirPath = "";
			projectRoot = "";
			targets = (
				1938E59F2C7E48C000677A0E /* RPSDuelApp */,
			);
		};
/* End PBXProject section */

/* Begin PBXResourcesBuildPhase section */
		1938E59E2C7E48C000677A0E /* Resources */ = {
			isa = PBXResourcesBuildPhase;
			buildActionMask = 2147483647;
			files = (
				1938E5B02C7E48C100677A0E /* LaunchScreen.storyboard in Resources */,
				19B3666E2CE52423002FBD03 /* Localizable.strings in Resources */,
				1938E5AD2C7E48C100677A0E /* Assets.xcassets in Resources */,
			);
			runOnlyForDeploymentPostprocessing = 0;
		};
/* End PBXResourcesBuildPhase section */

/* Begin PBXSourcesBuildPhase section */
		1938E59C2C7E48C000677A0E /* Sources */ = {
			isa = PBXSourcesBuildPhase;
			buildActionMask = 2147483647;
			files = (
				197468EC2CB06D51004B9384 /* AlertPresentDelegate.swift in Sources */,
				1938E5A82C7E48C000677A0E /* RPSDuelViewController.swift in Sources */,
				19651AEE2CADB3C20035E483 /* OpponentViewModel.swift in Sources */,
				197469002CBBBEA4004B9384 /* OpponentFactoryProtocol.swift in Sources */,
				19B366692CE52328002FBD03 /* R + Fond .swift in Sources */,
				1938E5BF2C7ED9A200677A0E /* OpponentView.swift in Sources */,
				197468E52CB0664F004B9384 /* AlertPresent.swift in Sources */,
				1983D5DC2CD28911004BA7C1 /* ImageView + ext.swift in Sources */,
				197469882CCA7E97004B9384 /* CircleLayer.swift in Sources */,
				1983D5DA2CD275CC004BA7C1 /* Game Repositroy.swift in Sources */,
				197469892CCA7E97004B9384 /* CGFloat + ext.swift in Sources */,
				1974698A2CCA7E97004B9384 /* ArcsLayer.swift in Sources */,
				1974698B2CCA7E97004B9384 /* IndicatorView.swift in Sources */,
				1974698C2CCA7E97004B9384 /* EmojiView.swift in Sources */,
				1983D5E12CD34663004BA7C1 /* Resources.swift in Sources */,
				1938E5C12C80E38700677A0E /* BaseButton.swift in Sources */,
				197468E72CB066B2004B9384 /* AlertModel.swift in Sources */,
				19B366722CE67048002FBD03 /* GameOption.swift in Sources */,
				197468FE2CBAD475004B9384 /* OpponentFactory.swift in Sources */,
				1938E5A42C7E48C000677A0E /* AppDelegate.swift in Sources */,
				19B3666B2CE5238A002FBD03 /* R + String.swift in Sources */,
				197468EA2CB06CFB004B9384 /* AlertPresentProtocol.swift in Sources */,
				1938E5A62C7E48C000677A0E /* SceneDelegate.swift in Sources */,
			);
			runOnlyForDeploymentPostprocessing = 0;
		};
/* End PBXSourcesBuildPhase section */

/* Begin PBXVariantGroup section */
		1938E5AE2C7E48C100677A0E /* LaunchScreen.storyboard */ = {
			isa = PBXVariantGroup;
			children = (
				1938E5AF2C7E48C100677A0E /* Base */,
			);
			name = LaunchScreen.storyboard;
			sourceTree = "<group>";
		};
		19B3666C2CE52423002FBD03 /* Localizable.strings */ = {
			isa = PBXVariantGroup;
			children = (
				19B3666D2CE52423002FBD03 /* en */,
				19B366702CE52636002FBD03 /* ru */,
			);
			name = Localizable.strings;
			sourceTree = "<group>";
		};
/* End PBXVariantGroup section */

/* Begin XCBuildConfiguration section */
		1938E5B22C7E48C100677A0E /* Debug */ = {
			isa = XCBuildConfiguration;
			buildSettings = {
				ALWAYS_SEARCH_USER_PATHS = NO;
				ASSETCATALOG_COMPILER_GENERATE_SWIFT_ASSET_SYMBOL_EXTENSIONS = YES;
				CLANG_ANALYZER_LOCALIZABILITY_NONLOCALIZED = YES;
				CLANG_ANALYZER_NONNULL = YES;
				CLANG_ANALYZER_NUMBER_OBJECT_CONVERSION = YES_AGGRESSIVE;
				CLANG_CXX_LANGUAGE_STANDARD = "gnu++20";
				CLANG_ENABLE_MODULES = YES;
				CLANG_ENABLE_OBJC_ARC = YES;
				CLANG_ENABLE_OBJC_WEAK = YES;
				CLANG_WARN_BLOCK_CAPTURE_AUTORELEASING = YES;
				CLANG_WARN_BOOL_CONVERSION = YES;
				CLANG_WARN_COMMA = YES;
				CLANG_WARN_CONSTANT_CONVERSION = YES;
				CLANG_WARN_DEPRECATED_OBJC_IMPLEMENTATIONS = YES;
				CLANG_WARN_DIRECT_OBJC_ISA_USAGE = YES_ERROR;
				CLANG_WARN_DOCUMENTATION_COMMENTS = YES;
				CLANG_WARN_EMPTY_BODY = YES;
				CLANG_WARN_ENUM_CONVERSION = YES;
				CLANG_WARN_INFINITE_RECURSION = YES;
				CLANG_WARN_INT_CONVERSION = YES;
				CLANG_WARN_NON_LITERAL_NULL_CONVERSION = YES;
				CLANG_WARN_OBJC_IMPLICIT_RETAIN_SELF = YES;
				CLANG_WARN_OBJC_LITERAL_CONVERSION = YES;
				CLANG_WARN_OBJC_ROOT_CLASS = YES_ERROR;
				CLANG_WARN_QUOTED_INCLUDE_IN_FRAMEWORK_HEADER = YES;
				CLANG_WARN_RANGE_LOOP_ANALYSIS = YES;
				CLANG_WARN_STRICT_PROTOTYPES = YES;
				CLANG_WARN_SUSPICIOUS_MOVE = YES;
				CLANG_WARN_UNGUARDED_AVAILABILITY = YES_AGGRESSIVE;
				CLANG_WARN_UNREACHABLE_CODE = YES;
				CLANG_WARN__DUPLICATE_METHOD_MATCH = YES;
				COPY_PHASE_STRIP = NO;
				DEBUG_INFORMATION_FORMAT = dwarf;
				ENABLE_STRICT_OBJC_MSGSEND = YES;
				ENABLE_TESTABILITY = YES;
				ENABLE_USER_SCRIPT_SANDBOXING = NO;
				GCC_C_LANGUAGE_STANDARD = gnu17;
				GCC_DYNAMIC_NO_PIC = NO;
				GCC_NO_COMMON_BLOCKS = YES;
				GCC_OPTIMIZATION_LEVEL = 0;
				GCC_PREPROCESSOR_DEFINITIONS = (
					"DEBUG=1",
					"$(inherited)",
				);
				GCC_WARN_64_TO_32_BIT_CONVERSION = YES;
				GCC_WARN_ABOUT_RETURN_TYPE = YES_ERROR;
				GCC_WARN_UNDECLARED_SELECTOR = YES;
				GCC_WARN_UNINITIALIZED_AUTOS = YES_AGGRESSIVE;
				GCC_WARN_UNUSED_FUNCTION = YES;
				GCC_WARN_UNUSED_VARIABLE = YES;
				IPHONEOS_DEPLOYMENT_TARGET = 17.2;
				LOCALIZATION_PREFERS_STRING_CATALOGS = YES;
				MTL_ENABLE_DEBUG_INFO = INCLUDE_SOURCE;
				MTL_FAST_MATH = YES;
				ONLY_ACTIVE_ARCH = YES;
				SDKROOT = iphoneos;
				SWIFT_ACTIVE_COMPILATION_CONDITIONS = "DEBUG $(inherited)";
				SWIFT_OPTIMIZATION_LEVEL = "-Onone";
			};
			name = Debug;
		};
		1938E5B32C7E48C100677A0E /* Release */ = {
			isa = XCBuildConfiguration;
			buildSettings = {
				ALWAYS_SEARCH_USER_PATHS = NO;
				ASSETCATALOG_COMPILER_GENERATE_SWIFT_ASSET_SYMBOL_EXTENSIONS = YES;
				CLANG_ANALYZER_LOCALIZABILITY_NONLOCALIZED = YES;
				CLANG_ANALYZER_NONNULL = YES;
				CLANG_ANALYZER_NUMBER_OBJECT_CONVERSION = YES_AGGRESSIVE;
				CLANG_CXX_LANGUAGE_STANDARD = "gnu++20";
				CLANG_ENABLE_MODULES = YES;
				CLANG_ENABLE_OBJC_ARC = YES;
				CLANG_ENABLE_OBJC_WEAK = YES;
				CLANG_WARN_BLOCK_CAPTURE_AUTORELEASING = YES;
				CLANG_WARN_BOOL_CONVERSION = YES;
				CLANG_WARN_COMMA = YES;
				CLANG_WARN_CONSTANT_CONVERSION = YES;
				CLANG_WARN_DEPRECATED_OBJC_IMPLEMENTATIONS = YES;
				CLANG_WARN_DIRECT_OBJC_ISA_USAGE = YES_ERROR;
				CLANG_WARN_DOCUMENTATION_COMMENTS = YES;
				CLANG_WARN_EMPTY_BODY = YES;
				CLANG_WARN_ENUM_CONVERSION = YES;
				CLANG_WARN_INFINITE_RECURSION = YES;
				CLANG_WARN_INT_CONVERSION = YES;
				CLANG_WARN_NON_LITERAL_NULL_CONVERSION = YES;
				CLANG_WARN_OBJC_IMPLICIT_RETAIN_SELF = YES;
				CLANG_WARN_OBJC_LITERAL_CONVERSION = YES;
				CLANG_WARN_OBJC_ROOT_CLASS = YES_ERROR;
				CLANG_WARN_QUOTED_INCLUDE_IN_FRAMEWORK_HEADER = YES;
				CLANG_WARN_RANGE_LOOP_ANALYSIS = YES;
				CLANG_WARN_STRICT_PROTOTYPES = YES;
				CLANG_WARN_SUSPICIOUS_MOVE = YES;
				CLANG_WARN_UNGUARDED_AVAILABILITY = YES_AGGRESSIVE;
				CLANG_WARN_UNREACHABLE_CODE = YES;
				CLANG_WARN__DUPLICATE_METHOD_MATCH = YES;
				COPY_PHASE_STRIP = NO;
				DEBUG_INFORMATION_FORMAT = "dwarf-with-dsym";
				ENABLE_NS_ASSERTIONS = NO;
				ENABLE_STRICT_OBJC_MSGSEND = YES;
				ENABLE_USER_SCRIPT_SANDBOXING = NO;
				GCC_C_LANGUAGE_STANDARD = gnu17;
				GCC_NO_COMMON_BLOCKS = YES;
				GCC_WARN_64_TO_32_BIT_CONVERSION = YES;
				GCC_WARN_ABOUT_RETURN_TYPE = YES_ERROR;
				GCC_WARN_UNDECLARED_SELECTOR = YES;
				GCC_WARN_UNINITIALIZED_AUTOS = YES_AGGRESSIVE;
				GCC_WARN_UNUSED_FUNCTION = YES;
				GCC_WARN_UNUSED_VARIABLE = YES;
				IPHONEOS_DEPLOYMENT_TARGET = 17.2;
				LOCALIZATION_PREFERS_STRING_CATALOGS = YES;
				MTL_ENABLE_DEBUG_INFO = NO;
				MTL_FAST_MATH = YES;
				SDKROOT = iphoneos;
				SWIFT_COMPILATION_MODE = wholemodule;
				VALIDATE_PRODUCT = YES;
			};
			name = Release;
		};
		1938E5B52C7E48C100677A0E /* Debug */ = {
			isa = XCBuildConfiguration;
			buildSettings = {
				ASSETCATALOG_COMPILER_APPICON_NAME = AppIcon;
				ASSETCATALOG_COMPILER_GLOBAL_ACCENT_COLOR_NAME = AccentColor;
				ASSETCATALOG_COMPILER_INCLUDE_ALL_APPICON_ASSETS = YES;
				CODE_SIGN_STYLE = Automatic;
				CURRENT_PROJECT_VERSION = 1;
				DEVELOPMENT_TEAM = "";
				GENERATE_INFOPLIST_FILE = YES;
				INFOPLIST_FILE = RPSDuelApp/Resources/Info.plist;
				INFOPLIST_KEY_UIApplicationSupportsIndirectInputEvents = YES;
				INFOPLIST_KEY_UILaunchStoryboardName = LaunchScreen;
				INFOPLIST_KEY_UIStatusBarStyle = UIStatusBarStyleDarkContent;
				INFOPLIST_KEY_UISupportedInterfaceOrientations = UIInterfaceOrientationPortrait;
				IPHONEOS_DEPLOYMENT_TARGET = 17;
				LD_RUNPATH_SEARCH_PATHS = (
					"$(inherited)",
					"@executable_path/Frameworks",
				);
				MARKETING_VERSION = 1.0;
				PRODUCT_BUNDLE_IDENTIFIER = ODN.RPSDuelApp;
				PRODUCT_NAME = "$(TARGET_NAME)";
				SWIFT_EMIT_LOC_STRINGS = YES;
				SWIFT_VERSION = 5.0;
				TARGETED_DEVICE_FAMILY = "1,2";
			};
			name = Debug;
		};
		1938E5B62C7E48C100677A0E /* Release */ = {
			isa = XCBuildConfiguration;
			buildSettings = {
				ASSETCATALOG_COMPILER_APPICON_NAME = AppIcon;
				ASSETCATALOG_COMPILER_GLOBAL_ACCENT_COLOR_NAME = AccentColor;
				ASSETCATALOG_COMPILER_INCLUDE_ALL_APPICON_ASSETS = YES;
				CODE_SIGN_STYLE = Automatic;
				CURRENT_PROJECT_VERSION = 1;
				DEVELOPMENT_TEAM = "";
				GENERATE_INFOPLIST_FILE = YES;
				INFOPLIST_FILE = RPSDuelApp/Resources/Info.plist;
				INFOPLIST_KEY_UIApplicationSupportsIndirectInputEvents = YES;
				INFOPLIST_KEY_UILaunchStoryboardName = LaunchScreen;
				INFOPLIST_KEY_UIStatusBarStyle = UIStatusBarStyleDarkContent;
				INFOPLIST_KEY_UISupportedInterfaceOrientations = UIInterfaceOrientationPortrait;
				IPHONEOS_DEPLOYMENT_TARGET = 17;
				LD_RUNPATH_SEARCH_PATHS = (
					"$(inherited)",
					"@executable_path/Frameworks",
				);
				MARKETING_VERSION = 1.0;
				PRODUCT_BUNDLE_IDENTIFIER = ODN.RPSDuelApp;
				PRODUCT_NAME = "$(TARGET_NAME)";
				SWIFT_EMIT_LOC_STRINGS = YES;
				SWIFT_VERSION = 5.0;
				TARGETED_DEVICE_FAMILY = "1,2";
			};
			name = Release;
		};
/* End XCBuildConfiguration section */

/* Begin XCConfigurationList section */
		1938E59B2C7E48C000677A0E /* Build configuration list for PBXProject "RPSDuelApp" */ = {
			isa = XCConfigurationList;
			buildConfigurations = (
				1938E5B22C7E48C100677A0E /* Debug */,
				1938E5B32C7E48C100677A0E /* Release */,
			);
			defaultConfigurationIsVisible = 0;
			defaultConfigurationName = Release;
		};
		1938E5B42C7E48C100677A0E /* Build configuration list for PBXNativeTarget "RPSDuelApp" */ = {
			isa = XCConfigurationList;
			buildConfigurations = (
				1938E5B52C7E48C100677A0E /* Debug */,
				1938E5B62C7E48C100677A0E /* Release */,
			);
			defaultConfigurationIsVisible = 0;
			defaultConfigurationName = Release;
		};
/* End XCConfigurationList section */

/* Begin XCRemoteSwiftPackageReference section */
		191B4FBC2D2D9A9D007A772C /* XCRemoteSwiftPackageReference "SnapKit" */ = {
			isa = XCRemoteSwiftPackageReference;
			repositoryURL = "https://github.com/SnapKit/SnapKit?ysclid=m5mpv73lo3596991602";
			requirement = {
				kind = upToNextMajorVersion;
				minimumVersion = 5.7.1;
			};
		};
/* End XCRemoteSwiftPackageReference section */

/* Begin XCSwiftPackageProductDependency section */
		191B4FBD2D2D9A9D007A772C /* SnapKit */ = {
			isa = XCSwiftPackageProductDependency;
			package = 191B4FBC2D2D9A9D007A772C /* XCRemoteSwiftPackageReference "SnapKit" */;
			productName = SnapKit;
		};
/* End XCSwiftPackageProductDependency section */
	};
	rootObject = 1938E5982C7E48C000677A0E /* Project object */;
}
